// !$*UTF8*$!
{
	archiveVersion = 1;
	classes = {
	};
	objectVersion = 50;
	objects = {

/* Begin PBXBuildFile section */
		20894B10251B8B0B00BB5FC8 /* AppDelegate.swift in Sources */ = {isa = PBXBuildFile; fileRef = 20894B0F251B8B0B00BB5FC8 /* AppDelegate.swift */; };
		20894B12251B8B0B00BB5FC8 /* SceneDelegate.swift in Sources */ = {isa = PBXBuildFile; fileRef = 20894B11251B8B0B00BB5FC8 /* SceneDelegate.swift */; };
		20894B14251B8B0B00BB5FC8 /* ViewController.swift in Sources */ = {isa = PBXBuildFile; fileRef = 20894B13251B8B0B00BB5FC8 /* ViewController.swift */; };
		20894B17251B8B0B00BB5FC8 /* Main.storyboard in Resources */ = {isa = PBXBuildFile; fileRef = 20894B15251B8B0B00BB5FC8 /* Main.storyboard */; };
		20894B19251B8B0D00BB5FC8 /* Assets.xcassets in Resources */ = {isa = PBXBuildFile; fileRef = 20894B18251B8B0D00BB5FC8 /* Assets.xcassets */; };
		20894B1C251B8B0D00BB5FC8 /* LaunchScreen.storyboard in Resources */ = {isa = PBXBuildFile; fileRef = 20894B1A251B8B0D00BB5FC8 /* LaunchScreen.storyboard */; };
		20894B2B251B8B4D00BB5FC8 /* WidgetKit.framework in Frameworks */ = {isa = PBXBuildFile; fileRef = 20894B2A251B8B4D00BB5FC8 /* WidgetKit.framework */; };
		20894B2D251B8B4D00BB5FC8 /* SwiftUI.framework in Frameworks */ = {isa = PBXBuildFile; fileRef = 20894B2C251B8B4D00BB5FC8 /* SwiftUI.framework */; };
		20894B30251B8B4D00BB5FC8 /* SampleWidget.swift in Sources */ = {isa = PBXBuildFile; fileRef = 20894B2F251B8B4D00BB5FC8 /* SampleWidget.swift */; };
		20894B32251B8B4E00BB5FC8 /* Assets.xcassets in Resources */ = {isa = PBXBuildFile; fileRef = 20894B31251B8B4E00BB5FC8 /* Assets.xcassets */; };
		20894B36251B8B4E00BB5FC8 /* SampleWidgetExtension.appex in Embed App Extensions */ = {isa = PBXBuildFile; fileRef = 20894B28251B8B4D00BB5FC8 /* SampleWidgetExtension.appex */; settings = {ATTRIBUTES = (RemoveHeadersOnCopy, ); }; };
/* End PBXBuildFile section */

/* Begin PBXContainerItemProxy section */
		20894B34251B8B4E00BB5FC8 /* PBXContainerItemProxy */ = {
			isa = PBXContainerItemProxy;
			containerPortal = 20894B04251B8B0B00BB5FC8 /* Project object */;
			proxyType = 1;
			remoteGlobalIDString = 20894B27251B8B4D00BB5FC8;
			remoteInfo = SampleWidgetExtension;
		};
/* End PBXContainerItemProxy section */

/* Begin PBXCopyFilesBuildPhase section */
		20894B3A251B8B4E00BB5FC8 /* Embed App Extensions */ = {
			isa = PBXCopyFilesBuildPhase;
			buildActionMask = 2147483647;
			dstPath = "";
			dstSubfolderSpec = 13;
			files = (
				20894B36251B8B4E00BB5FC8 /* SampleWidgetExtension.appex in Embed App Extensions */,
			);
			name = "Embed App Extensions";
			runOnlyForDeploymentPostprocessing = 0;
		};
/* End PBXCopyFilesBuildPhase section */

/* Begin PBXFileReference section */
		20894B0C251B8B0B00BB5FC8 /* widgetPractice.app */ = {isa = PBXFileReference; explicitFileType = wrapper.application; includeInIndex = 0; path = widgetPractice.app; sourceTree = BUILT_PRODUCTS_DIR; };
		20894B0F251B8B0B00BB5FC8 /* AppDelegate.swift */ = {isa = PBXFileReference; lastKnownFileType = sourcecode.swift; path = AppDelegate.swift; sourceTree = "<group>"; };
		20894B11251B8B0B00BB5FC8 /* SceneDelegate.swift */ = {isa = PBXFileReference; lastKnownFileType = sourcecode.swift; path = SceneDelegate.swift; sourceTree = "<group>"; };
		20894B13251B8B0B00BB5FC8 /* ViewController.swift */ = {isa = PBXFileReference; lastKnownFileType = sourcecode.swift; path = ViewController.swift; sourceTree = "<group>"; };
		20894B16251B8B0B00BB5FC8 /* Base */ = {isa = PBXFileReference; lastKnownFileType = file.storyboard; name = Base; path = Base.lproj/Main.storyboard; sourceTree = "<group>"; };
		20894B18251B8B0D00BB5FC8 /* Assets.xcassets */ = {isa = PBXFileReference; lastKnownFileType = folder.assetcatalog; path = Assets.xcassets; sourceTree = "<group>"; };
		20894B1B251B8B0D00BB5FC8 /* Base */ = {isa = PBXFileReference; lastKnownFileType = file.storyboard; name = Base; path = Base.lproj/LaunchScreen.storyboard; sourceTree = "<group>"; };
		20894B1D251B8B0D00BB5FC8 /* Info.plist */ = {isa = PBXFileReference; lastKnownFileType = text.plist.xml; path = Info.plist; sourceTree = "<group>"; };
		20894B28251B8B4D00BB5FC8 /* SampleWidgetExtension.appex */ = {isa = PBXFileReference; explicitFileType = "wrapper.app-extension"; includeInIndex = 0; path = SampleWidgetExtension.appex; sourceTree = BUILT_PRODUCTS_DIR; };
		20894B2A251B8B4D00BB5FC8 /* WidgetKit.framework */ = {isa = PBXFileReference; lastKnownFileType = wrapper.framework; name = WidgetKit.framework; path = System/Library/Frameworks/WidgetKit.framework; sourceTree = SDKROOT; };
		20894B2C251B8B4D00BB5FC8 /* SwiftUI.framework */ = {isa = PBXFileReference; lastKnownFileType = wrapper.framework; name = SwiftUI.framework; path = System/Library/Frameworks/SwiftUI.framework; sourceTree = SDKROOT; };
		20894B2F251B8B4D00BB5FC8 /* SampleWidget.swift */ = {isa = PBXFileReference; lastKnownFileType = sourcecode.swift; path = SampleWidget.swift; sourceTree = "<group>"; };
		20894B31251B8B4E00BB5FC8 /* Assets.xcassets */ = {isa = PBXFileReference; lastKnownFileType = folder.assetcatalog; path = Assets.xcassets; sourceTree = "<group>"; };
		20894B33251B8B4E00BB5FC8 /* Info.plist */ = {isa = PBXFileReference; lastKnownFileType = text.plist.xml; path = Info.plist; sourceTree = "<group>"; };
/* End PBXFileReference section */

/* Begin PBXFrameworksBuildPhase section */
		20894B09251B8B0B00BB5FC8 /* Frameworks */ = {
			isa = PBXFrameworksBuildPhase;
			buildActionMask = 2147483647;
			files = (
			);
			runOnlyForDeploymentPostprocessing = 0;
		};
		20894B25251B8B4D00BB5FC8 /* Frameworks */ = {
			isa = PBXFrameworksBuildPhase;
			buildActionMask = 2147483647;
			files = (
				20894B2D251B8B4D00BB5FC8 /* SwiftUI.framework in Frameworks */,
				20894B2B251B8B4D00BB5FC8 /* WidgetKit.framework in Frameworks */,
			);
			runOnlyForDeploymentPostprocessing = 0;
		};
/* End PBXFrameworksBuildPhase section */

/* Begin PBXGroup section */
		20894B03251B8B0B00BB5FC8 = {
			isa = PBXGroup;
			children = (
				20894B0E251B8B0B00BB5FC8 /* widgetPractice */,
				20894B2E251B8B4D00BB5FC8 /* SampleWidget */,
				20894B29251B8B4D00BB5FC8 /* Frameworks */,
				20894B0D251B8B0B00BB5FC8 /* Products */,
			);
			sourceTree = "<group>";
		};
		20894B0D251B8B0B00BB5FC8 /* Products */ = {
			isa = PBXGroup;
			children = (
				20894B0C251B8B0B00BB5FC8 /* widgetPractice.app */,
				20894B28251B8B4D00BB5FC8 /* SampleWidgetExtension.appex */,
			);
			name = Products;
			sourceTree = "<group>";
		};
		20894B0E251B8B0B00BB5FC8 /* widgetPractice */ = {
			isa = PBXGroup;
			children = (
				20894B0F251B8B0B00BB5FC8 /* AppDelegate.swift */,
				20894B11251B8B0B00BB5FC8 /* SceneDelegate.swift */,
				20894B13251B8B0B00BB5FC8 /* ViewController.swift */,
				20894B15251B8B0B00BB5FC8 /* Main.storyboard */,
				20894B18251B8B0D00BB5FC8 /* Assets.xcassets */,
				20894B1A251B8B0D00BB5FC8 /* LaunchScreen.storyboard */,
				20894B1D251B8B0D00BB5FC8 /* Info.plist */,
			);
			path = widgetPractice;
			sourceTree = "<group>";
		};
		20894B29251B8B4D00BB5FC8 /* Frameworks */ = {
			isa = PBXGroup;
			children = (
				20894B2A251B8B4D00BB5FC8 /* WidgetKit.framework */,
				20894B2C251B8B4D00BB5FC8 /* SwiftUI.framework */,
			);
			name = Frameworks;
			sourceTree = "<group>";
		};
		20894B2E251B8B4D00BB5FC8 /* SampleWidget */ = {
			isa = PBXGroup;
			children = (
				20894B2F251B8B4D00BB5FC8 /* SampleWidget.swift */,
				20894B31251B8B4E00BB5FC8 /* Assets.xcassets */,
				20894B33251B8B4E00BB5FC8 /* Info.plist */,
			);
			path = SampleWidget;
			sourceTree = "<group>";
		};
/* End PBXGroup section */

/* Begin PBXNativeTarget section */
		20894B0B251B8B0B00BB5FC8 /* widgetPractice */ = {
			isa = PBXNativeTarget;
			buildConfigurationList = 20894B20251B8B0D00BB5FC8 /* Build configuration list for PBXNativeTarget "widgetPractice" */;
			buildPhases = (
				20894B08251B8B0B00BB5FC8 /* Sources */,
				20894B09251B8B0B00BB5FC8 /* Frameworks */,
				20894B0A251B8B0B00BB5FC8 /* Resources */,
				20894B3A251B8B4E00BB5FC8 /* Embed App Extensions */,
			);
			buildRules = (
			);
			dependencies = (
				20894B35251B8B4E00BB5FC8 /* PBXTargetDependency */,
			);
			name = widgetPractice;
			productName = widgetPractice;
			productReference = 20894B0C251B8B0B00BB5FC8 /* widgetPractice.app */;
			productType = "com.apple.product-type.application";
		};
		20894B27251B8B4D00BB5FC8 /* SampleWidgetExtension */ = {
			isa = PBXNativeTarget;
			buildConfigurationList = 20894B37251B8B4E00BB5FC8 /* Build configuration list for PBXNativeTarget "SampleWidgetExtension" */;
			buildPhases = (
				20894B24251B8B4D00BB5FC8 /* Sources */,
				20894B25251B8B4D00BB5FC8 /* Frameworks */,
				20894B26251B8B4D00BB5FC8 /* Resources */,
			);
			buildRules = (
			);
			dependencies = (
			);
			name = SampleWidgetExtension;
			productName = SampleWidgetExtension;
			productReference = 20894B28251B8B4D00BB5FC8 /* SampleWidgetExtension.appex */;
			productType = "com.apple.product-type.app-extension";
		};
/* End PBXNativeTarget section */

/* Begin PBXProject section */
		20894B04251B8B0B00BB5FC8 /* Project object */ = {
			isa = PBXProject;
			attributes = {
				LastSwiftUpdateCheck = 1200;
				LastUpgradeCheck = 1200;
				TargetAttributes = {
					20894B0B251B8B0B00BB5FC8 = {
						CreatedOnToolsVersion = 12.0;
					};
					20894B27251B8B4D00BB5FC8 = {
						CreatedOnToolsVersion = 12.0;
					};
				};
			};
			buildConfigurationList = 20894B07251B8B0B00BB5FC8 /* Build configuration list for PBXProject "widgetPractice" */;
			compatibilityVersion = "Xcode 9.3";
			developmentRegion = en;
			hasScannedForEncodings = 0;
			knownRegions = (
				en,
				Base,
			);
			mainGroup = 20894B03251B8B0B00BB5FC8;
			productRefGroup = 20894B0D251B8B0B00BB5FC8 /* Products */;
			projectDirPath = "";
			projectRoot = "";
			targets = (
				20894B0B251B8B0B00BB5FC8 /* widgetPractice */,
				20894B27251B8B4D00BB5FC8 /* SampleWidgetExtension */,
			);
		};
/* End PBXProject section */

/* Begin PBXResourcesBuildPhase section */
		20894B0A251B8B0B00BB5FC8 /* Resources */ = {
			isa = PBXResourcesBuildPhase;
			buildActionMask = 2147483647;
			files = (
				20894B1C251B8B0D00BB5FC8 /* LaunchScreen.storyboard in Resources */,
				20894B19251B8B0D00BB5FC8 /* Assets.xcassets in Resources */,
				20894B17251B8B0B00BB5FC8 /* Main.storyboard in Resources */,
			);
			runOnlyForDeploymentPostprocessing = 0;
		};
		20894B26251B8B4D00BB5FC8 /* Resources */ = {
			isa = PBXResourcesBuildPhase;
			buildActionMask = 2147483647;
			files = (
				20894B32251B8B4E00BB5FC8 /* Assets.xcassets in Resources */,
			);
			runOnlyForDeploymentPostprocessing = 0;
		};
/* End PBXResourcesBuildPhase section */

/* Begin PBXSourcesBuildPhase section */
		20894B08251B8B0B00BB5FC8 /* Sources */ = {
			isa = PBXSourcesBuildPhase;
			buildActionMask = 2147483647;
			files = (
				20894B14251B8B0B00BB5FC8 /* ViewController.swift in Sources */,
				20894B10251B8B0B00BB5FC8 /* AppDelegate.swift in Sources */,
				20894B12251B8B0B00BB5FC8 /* SceneDelegate.swift in Sources */,
			);
			runOnlyForDeploymentPostprocessing = 0;
		};
		20894B24251B8B4D00BB5FC8 /* Sources */ = {
			isa = PBXSourcesBuildPhase;
			buildActionMask = 2147483647;
			files = (
				20894B30251B8B4D00BB5FC8 /* SampleWidget.swift in Sources */,
			);
			runOnlyForDeploymentPostprocessing = 0;
		};
/* End PBXSourcesBuildPhase section */

/* Begin PBXTargetDependency section */
		20894B35251B8B4E00BB5FC8 /* PBXTargetDependency */ = {
			isa = PBXTargetDependency;
			target = 20894B27251B8B4D00BB5FC8 /* SampleWidgetExtension */;
			targetProxy = 20894B34251B8B4E00BB5FC8 /* PBXContainerItemProxy */;
		};
/* End PBXTargetDependency section */

/* Begin PBXVariantGroup section */
		20894B15251B8B0B00BB5FC8 /* Main.storyboard */ = {
			isa = PBXVariantGroup;
			children = (
				20894B16251B8B0B00BB5FC8 /* Base */,
			);
			name = Main.storyboard;
			sourceTree = "<group>";
		};
		20894B1A251B8B0D00BB5FC8 /* LaunchScreen.storyboard */ = {
			isa = PBXVariantGroup;
			children = (
				20894B1B251B8B0D00BB5FC8 /* Base */,
			);
			name = LaunchScreen.storyboard;
			sourceTree = "<group>";
		};
/* End PBXVariantGroup section */

/* Begin XCBuildConfiguration section */
		20894B1E251B8B0D00BB5FC8 /* Debug */ = {
			isa = XCBuildConfiguration;
			buildSettings = {
				ALWAYS_SEARCH_USER_PATHS = NO;
				CLANG_ANALYZER_NONNULL = YES;
				CLANG_ANALYZER_NUMBER_OBJECT_CONVERSION = YES_AGGRESSIVE;
				CLANG_CXX_LANGUAGE_STANDARD = "gnu++14";
				CLANG_CXX_LIBRARY = "libc++";
				CLANG_ENABLE_MODULES = YES;
				CLANG_ENABLE_OBJC_ARC = YES;
				CLANG_ENABLE_OBJC_WEAK = YES;
				CLANG_WARN_BLOCK_CAPTURE_AUTORELEASING = YES;
				CLANG_WARN_BOOL_CONVERSION = YES;
				CLANG_WARN_COMMA = YES;
				CLANG_WARN_CONSTANT_CONVERSION = YES;
				CLANG_WARN_DEPRECATED_OBJC_IMPLEMENTATIONS = YES;
				CLANG_WARN_DIRECT_OBJC_ISA_USAGE = YES_ERROR;
				CLANG_WARN_DOCUMENTATION_COMMENTS = YES;
				CLANG_WARN_EMPTY_BODY = YES;
				CLANG_WARN_ENUM_CONVERSION = YES;
				CLANG_WARN_INFINITE_RECURSION = YES;
				CLANG_WARN_INT_CONVERSION = YES;
				CLANG_WARN_NON_LITERAL_NULL_CONVERSION = YES;
				CLANG_WARN_OBJC_IMPLICIT_RETAIN_SELF = YES;
				CLANG_WARN_OBJC_LITERAL_CONVERSION = YES;
				CLANG_WARN_OBJC_ROOT_CLASS = YES_ERROR;
				CLANG_WARN_QUOTED_INCLUDE_IN_FRAMEWORK_HEADER = YES;
				CLANG_WARN_RANGE_LOOP_ANALYSIS = YES;
				CLANG_WARN_STRICT_PROTOTYPES = YES;
				CLANG_WARN_SUSPICIOUS_MOVE = YES;
				CLANG_WARN_UNGUARDED_AVAILABILITY = YES_AGGRESSIVE;
				CLANG_WARN_UNREACHABLE_CODE = YES;
				CLANG_WARN__DUPLICATE_METHOD_MATCH = YES;
				COPY_PHASE_STRIP = NO;
				DEBUG_INFORMATION_FORMAT = dwarf;
				ENABLE_STRICT_OBJC_MSGSEND = YES;
				ENABLE_TESTABILITY = YES;
				GCC_C_LANGUAGE_STANDARD = gnu11;
				GCC_DYNAMIC_NO_PIC = NO;
				GCC_NO_COMMON_BLOCKS = YES;
				GCC_OPTIMIZATION_LEVEL = 0;
				GCC_PREPROCESSOR_DEFINITIONS = (
					"DEBUG=1",
					"$(inherited)",
				);
				GCC_WARN_64_TO_32_BIT_CONVERSION = YES;
				GCC_WARN_ABOUT_RETURN_TYPE = YES_ERROR;
				GCC_WARN_UNDECLARED_SELECTOR = YES;
				GCC_WARN_UNINITIALIZED_AUTOS = YES_AGGRESSIVE;
				GCC_WARN_UNUSED_FUNCTION = YES;
				GCC_WARN_UNUSED_VARIABLE = YES;
				IPHONEOS_DEPLOYMENT_TARGET = 14.0;
				MTL_ENABLE_DEBUG_INFO = INCLUDE_SOURCE;
				MTL_FAST_MATH = YES;
				ONLY_ACTIVE_ARCH = YES;
				SDKROOT = iphoneos;
				SWIFT_ACTIVE_COMPILATION_CONDITIONS = DEBUG;
				SWIFT_OPTIMIZATION_LEVEL = "-Onone";
			};
			name = Debug;
		};
		20894B1F251B8B0D00BB5FC8 /* Release */ = {
			isa = XCBuildConfiguration;
			buildSettings = {
				ALWAYS_SEARCH_USER_PATHS = NO;
				CLANG_ANALYZER_NONNULL = YES;
				CLANG_ANALYZER_NUMBER_OBJECT_CONVERSION = YES_AGGRESSIVE;
				CLANG_CXX_LANGUAGE_STANDARD = "gnu++14";
				CLANG_CXX_LIBRARY = "libc++";
				CLANG_ENABLE_MODULES = YES;
				CLANG_ENABLE_OBJC_ARC = YES;
				CLANG_ENABLE_OBJC_WEAK = YES;
				CLANG_WARN_BLOCK_CAPTURE_AUTORELEASING = YES;
				CLANG_WARN_BOOL_CONVERSION = YES;
				CLANG_WARN_COMMA = YES;
				CLANG_WARN_CONSTANT_CONVERSION = YES;
				CLANG_WARN_DEPRECATED_OBJC_IMPLEMENTATIONS = YES;
				CLANG_WARN_DIRECT_OBJC_ISA_USAGE = YES_ERROR;
				CLANG_WARN_DOCUMENTATION_COMMENTS = YES;
				CLANG_WARN_EMPTY_BODY = YES;
				CLANG_WARN_ENUM_CONVERSION = YES;
				CLANG_WARN_INFINITE_RECURSION = YES;
				CLANG_WARN_INT_CONVERSION = YES;
				CLANG_WARN_NON_LITERAL_NULL_CONVERSION = YES;
				CLANG_WARN_OBJC_IMPLICIT_RETAIN_SELF = YES;
				CLANG_WARN_OBJC_LITERAL_CONVERSION = YES;
				CLANG_WARN_OBJC_ROOT_CLASS = YES_ERROR;
				CLANG_WARN_QUOTED_INCLUDE_IN_FRAMEWORK_HEADER = YES;
				CLANG_WARN_RANGE_LOOP_ANALYSIS = YES;
				CLANG_WARN_STRICT_PROTOTYPES = YES;
				CLANG_WARN_SUSPICIOUS_MOVE = YES;
				CLANG_WARN_UNGUARDED_AVAILABILITY = YES_AGGRESSIVE;
				CLANG_WARN_UNREACHABLE_CODE = YES;
				CLANG_WARN__DUPLICATE_METHOD_MATCH = YES;
				COPY_PHASE_STRIP = NO;
				DEBUG_INFORMATION_FORMAT = "dwarf-with-dsym";
				ENABLE_NS_ASSERTIONS = NO;
				ENABLE_STRICT_OBJC_MSGSEND = YES;
				GCC_C_LANGUAGE_STANDARD = gnu11;
				GCC_NO_COMMON_BLOCKS = YES;
				GCC_WARN_64_TO_32_BIT_CONVERSION = YES;
				GCC_WARN_ABOUT_RETURN_TYPE = YES_ERROR;
				GCC_WARN_UNDECLARED_SELECTOR = YES;
				GCC_WARN_UNINITIALIZED_AUTOS = YES_AGGRESSIVE;
				GCC_WARN_UNUSED_FUNCTION = YES;
				GCC_WARN_UNUSED_VARIABLE = YES;
				IPHONEOS_DEPLOYMENT_TARGET = 14.0;
				MTL_ENABLE_DEBUG_INFO = NO;
				MTL_FAST_MATH = YES;
				SDKROOT = iphoneos;
				SWIFT_COMPILATION_MODE = wholemodule;
				SWIFT_OPTIMIZATION_LEVEL = "-O";
				VALIDATE_PRODUCT = YES;
			};
			name = Release;
		};
		20894B21251B8B0D00BB5FC8 /* Debug */ = {
			isa = XCBuildConfiguration;
			buildSettings = {
				ALWAYS_EMBED_SWIFT_STANDARD_LIBRARIES = YES;
				ASSETCATALOG_COMPILER_APPICON_NAME = AppIcon;
				ASSETCATALOG_COMPILER_GLOBAL_ACCENT_COLOR_NAME = AccentColor;
				CODE_SIGN_STYLE = Automatic;
				DEVELOPMENT_TEAM = K5BLPV6P8G;
				INFOPLIST_FILE = widgetPractice/Info.plist;
				LD_RUNPATH_SEARCH_PATHS = (
					"$(inherited)",
					"@executable_path/Frameworks",
				);
				PRODUCT_BUNDLE_IDENTIFIER = com.t.amd.widgetPractice;
				PRODUCT_NAME = "$(TARGET_NAME)";
				SWIFT_VERSION = 5.0;
				TARGETED_DEVICE_FAMILY = "1,2";
			};
			name = Debug;
		};
		20894B22251B8B0D00BB5FC8 /* Release */ = {
			isa = XCBuildConfiguration;
			buildSettings = {
				ALWAYS_EMBED_SWIFT_STANDARD_LIBRARIES = YES;
				ASSETCATALOG_COMPILER_APPICON_NAME = AppIcon;
				ASSETCATALOG_COMPILER_GLOBAL_ACCENT_COLOR_NAME = AccentColor;
				CODE_SIGN_STYLE = Automatic;
				DEVELOPMENT_TEAM = K5BLPV6P8G;
				INFOPLIST_FILE = widgetPractice/Info.plist;
				LD_RUNPATH_SEARCH_PATHS = (
					"$(inherited)",
					"@executable_path/Frameworks",
				);
				PRODUCT_BUNDLE_IDENTIFIER = com.t.amd.widgetPractice;
				PRODUCT_NAME = "$(TARGET_NAME)";
				SWIFT_VERSION = 5.0;
				TARGETED_DEVICE_FAMILY = "1,2";
			};
			name = Release;
		};
		20894B38251B8B4E00BB5FC8 /* Debug */ = {
			isa = XCBuildConfiguration;
			buildSettings = {
				ASSETCATALOG_COMPILER_GLOBAL_ACCENT_COLOR_NAME = AccentColor;
				ASSETCATALOG_COMPILER_WIDGET_BACKGROUND_COLOR_NAME = WidgetBackground;
				CODE_SIGN_STYLE = Automatic;
				DEVELOPMENT_TEAM = K5BLPV6P8G;
				INFOPLIST_FILE = SampleWidget/Info.plist;
				LD_RUNPATH_SEARCH_PATHS = (
					"$(inherited)",
					"@executable_path/Frameworks",
					"@executable_path/../../Frameworks",
				);
				PRODUCT_BUNDLE_IDENTIFIER = com.t.amd.widgetPractice.SampleWidget;
				PRODUCT_NAME = "$(TARGET_NAME)";
				SKIP_INSTALL = YES;
				SWIFT_VERSION = 5.0;
				TARGETED_DEVICE_FAMILY = "1,2";
			};
			name = Debug;
		};
		20894B39251B8B4E00BB5FC8 /* Release */ = {
			isa = XCBuildConfiguration;
			buildSettings = {
				ASSETCATALOG_COMPILER_GLOBAL_ACCENT_COLOR_NAME = AccentColor;
				ASSETCATALOG_COMPILER_WIDGET_BACKGROUND_COLOR_NAME = WidgetBackground;
				CODE_SIGN_STYLE = Automatic;
				DEVELOPMENT_TEAM = K5BLPV6P8G;
				INFOPLIST_FILE = SampleWidget/Info.plist;
				LD_RUNPATH_SEARCH_PATHS = (
					"$(inherited)",
					"@executable_path/Frameworks",
					"@executable_path/../../Frameworks",
				);
				PRODUCT_BUNDLE_IDENTIFIER = com.t.amd.widgetPractice.SampleWidget;
				PRODUCT_NAME = "$(TARGET_NAME)";
				SKIP_INSTALL = YES;
				SWIFT_VERSION = 5.0;
				TARGETED_DEVICE_FAMILY = "1,2";
			};
			name = Release;
		};
/* End XCBuildConfiguration section */

/* Begin XCConfigurationList section */
		20894B07251B8B0B00BB5FC8 /* Build configuration list for PBXProject "widgetPractice" */ = {
			isa = XCConfigurationList;
			buildConfigurations = (
				20894B1E251B8B0D00BB5FC8 /* Debug */,
				20894B1F251B8B0D00BB5FC8 /* Release */,
			);
			defaultConfigurationIsVisible = 0;
			defaultConfigurationName = Release;
		};
		20894B20251B8B0D00BB5FC8 /* Build configuration list for PBXNativeTarget "widgetPractice" */ = {
			isa = XCConfigurationList;
			buildConfigurations = (
				20894B21251B8B0D00BB5FC8 /* Debug */,
				20894B22251B8B0D00BB5FC8 /* Release */,
			);
			defaultConfigurationIsVisible = 0;
			defaultConfigurationName = Release;
		};
		20894B37251B8B4E00BB5FC8 /* Build configuration list for PBXNativeTarget "SampleWidgetExtension" */ = {
			isa = XCConfigurationList;
			buildConfigurations = (
				20894B38251B8B4E00BB5FC8 /* Debug */,
				20894B39251B8B4E00BB5FC8 /* Release */,
			);
			defaultConfigurationIsVisible = 0;
			defaultConfigurationName = Release;
		};
/* End XCConfigurationList section */
	};
	rootObject = 20894B04251B8B0B00BB5FC8 /* Project object */;
}
